// !$*UTF8*$!
{
	archiveVersion = 1;
	classes = {
	};
	objectVersion = 56;
	objects = {

/* Begin PBXBuildFile section */
		3792FFB32AEE2A95008A9583 /* AppDelegate.swift in Sources */ = {isa = PBXBuildFile; fileRef = 3792FFB22AEE2A95008A9583 /* AppDelegate.swift */; };
		3792FFB52AEE2A95008A9583 /* SceneDelegate.swift in Sources */ = {isa = PBXBuildFile; fileRef = 3792FFB42AEE2A95008A9583 /* SceneDelegate.swift */; };
		3792FFB72AEE2A95008A9583 /* ViewController.swift in Sources */ = {isa = PBXBuildFile; fileRef = 3792FFB62AEE2A95008A9583 /* ViewController.swift */; };
		3792FFBC2AEE2A99008A9583 /* Assets.xcassets in Resources */ = {isa = PBXBuildFile; fileRef = 3792FFBB2AEE2A99008A9583 /* Assets.xcassets */; };
		3792FFBF2AEE2A99008A9583 /* LaunchScreen.storyboard in Resources */ = {isa = PBXBuildFile; fileRef = 3792FFBD2AEE2A99008A9583 /* LaunchScreen.storyboard */; };
		3792FFC72AEE31CD008A9583 /* VariableType.swift in Sources */ = {isa = PBXBuildFile; fileRef = 3792FFC62AEE31CD008A9583 /* VariableType.swift */; };
		3792FFC92AEE365E008A9583 /* MyCollections.swift in Sources */ = {isa = PBXBuildFile; fileRef = 3792FFC82AEE365E008A9583 /* MyCollections.swift */; };
		3792FFCB2AEE3A3F008A9583 /* Condition.swift in Sources */ = {isa = PBXBuildFile; fileRef = 3792FFCA2AEE3A3F008A9583 /* Condition.swift */; };
		3792FFCD2AEE3FDE008A9583 /* Loop.swift in Sources */ = {isa = PBXBuildFile; fileRef = 3792FFCC2AEE3FDE008A9583 /* Loop.swift */; };
		3792FFCF2AEE72C3008A9583 /* Function.swift in Sources */ = {isa = PBXBuildFile; fileRef = 3792FFCE2AEE72C3008A9583 /* Function.swift */; };
		3792FFD12AEEA94B008A9583 /* Half.swift in Sources */ = {isa = PBXBuildFile; fileRef = 3792FFD02AEEA94B008A9583 /* Half.swift */; };
		3792FFD32AEEAFA3008A9583 /* Elevator.swift in Sources */ = {isa = PBXBuildFile; fileRef = 3792FFD22AEEAFA3008A9583 /* Elevator.swift */; };
		3792FFD52AEEBA0A008A9583 /* Diff.swift in Sources */ = {isa = PBXBuildFile; fileRef = 3792FFD42AEEBA0A008A9583 /* Diff.swift */; };
/* End PBXBuildFile section */

/* Begin PBXFileReference section */
		3792FFAF2AEE2A95008A9583 /* iOSstudy1.app */ = {isa = PBXFileReference; explicitFileType = wrapper.application; includeInIndex = 0; path = iOSstudy1.app; sourceTree = BUILT_PRODUCTS_DIR; };
		3792FFB22AEE2A95008A9583 /* AppDelegate.swift */ = {isa = PBXFileReference; lastKnownFileType = sourcecode.swift; path = AppDelegate.swift; sourceTree = "<group>"; };
		3792FFB42AEE2A95008A9583 /* SceneDelegate.swift */ = {isa = PBXFileReference; lastKnownFileType = sourcecode.swift; path = SceneDelegate.swift; sourceTree = "<group>"; };
		3792FFB62AEE2A95008A9583 /* ViewController.swift */ = {isa = PBXFileReference; lastKnownFileType = sourcecode.swift; path = ViewController.swift; sourceTree = "<group>"; };
		3792FFBB2AEE2A99008A9583 /* Assets.xcassets */ = {isa = PBXFileReference; lastKnownFileType = folder.assetcatalog; path = Assets.xcassets; sourceTree = "<group>"; };
		3792FFBE2AEE2A99008A9583 /* Base */ = {isa = PBXFileReference; lastKnownFileType = file.storyboard; name = Base; path = Base.lproj/LaunchScreen.storyboard; sourceTree = "<group>"; };
		3792FFC02AEE2A99008A9583 /* Info.plist */ = {isa = PBXFileReference; lastKnownFileType = text.plist.xml; path = Info.plist; sourceTree = "<group>"; };
		3792FFC62AEE31CD008A9583 /* VariableType.swift */ = {isa = PBXFileReference; lastKnownFileType = sourcecode.swift; path = VariableType.swift; sourceTree = "<group>"; };
		3792FFC82AEE365E008A9583 /* MyCollections.swift */ = {isa = PBXFileReference; lastKnownFileType = sourcecode.swift; path = MyCollections.swift; sourceTree = "<group>"; };
		3792FFCA2AEE3A3F008A9583 /* Condition.swift */ = {isa = PBXFileReference; lastKnownFileType = sourcecode.swift; path = Condition.swift; sourceTree = "<group>"; };
		3792FFCC2AEE3FDE008A9583 /* Loop.swift */ = {isa = PBXFileReference; lastKnownFileType = sourcecode.swift; path = Loop.swift; sourceTree = "<group>"; };
		3792FFCE2AEE72C3008A9583 /* Function.swift */ = {isa = PBXFileReference; lastKnownFileType = sourcecode.swift; path = Function.swift; sourceTree = "<group>"; };
		3792FFD02AEEA94B008A9583 /* Half.swift */ = {isa = PBXFileReference; lastKnownFileType = sourcecode.swift; path = Half.swift; sourceTree = "<group>"; };
		3792FFD22AEEAFA3008A9583 /* Elevator.swift */ = {isa = PBXFileReference; lastKnownFileType = sourcecode.swift; path = Elevator.swift; sourceTree = "<group>"; };
		3792FFD42AEEBA0A008A9583 /* Diff.swift */ = {isa = PBXFileReference; lastKnownFileType = sourcecode.swift; path = Diff.swift; sourceTree = "<group>"; };
/* End PBXFileReference section */

/* Begin PBXFrameworksBuildPhase section */
		3792FFAC2AEE2A95008A9583 /* Frameworks */ = {
			isa = PBXFrameworksBuildPhase;
			buildActionMask = 2147483647;
			files = (
			);
			runOnlyForDeploymentPostprocessing = 0;
		};
/* End PBXFrameworksBuildPhase section */

/* Begin PBXGroup section */
		3792FFA62AEE2A95008A9583 = {
			isa = PBXGroup;
			children = (
				3792FFB12AEE2A95008A9583 /* iOSstudy1 */,
				3792FFB02AEE2A95008A9583 /* Products */,
			);
			sourceTree = "<group>";
		};
		3792FFB02AEE2A95008A9583 /* Products */ = {
			isa = PBXGroup;
			children = (
				3792FFAF2AEE2A95008A9583 /* iOSstudy1.app */,
			);
			name = Products;
			sourceTree = "<group>";
		};
		3792FFB12AEE2A95008A9583 /* iOSstudy1 */ = {
			isa = PBXGroup;
			children = (
				3792FFCE2AEE72C3008A9583 /* Function.swift */,
				3792FFB22AEE2A95008A9583 /* AppDelegate.swift */,
				3792FFB42AEE2A95008A9583 /* SceneDelegate.swift */,
				3792FFB62AEE2A95008A9583 /* ViewController.swift */,
				3792FFBB2AEE2A99008A9583 /* Assets.xcassets */,
				3792FFBD2AEE2A99008A9583 /* LaunchScreen.storyboard */,
				3792FFC02AEE2A99008A9583 /* Info.plist */,
				3792FFC62AEE31CD008A9583 /* VariableType.swift */,
				3792FFC82AEE365E008A9583 /* MyCollections.swift */,
				3792FFCA2AEE3A3F008A9583 /* Condition.swift */,
				3792FFCC2AEE3FDE008A9583 /* Loop.swift */,
				3792FFD02AEEA94B008A9583 /* Half.swift */,
				3792FFD22AEEAFA3008A9583 /* Elevator.swift */,
				3792FFD42AEEBA0A008A9583 /* Diff.swift */,
			);
			path = iOSstudy1;
			sourceTree = "<group>";
		};
/* End PBXGroup section */

/* Begin PBXNativeTarget section */
		3792FFAE2AEE2A95008A9583 /* iOSstudy1 */ = {
			isa = PBXNativeTarget;
			buildConfigurationList = 3792FFC32AEE2A99008A9583 /* Build configuration list for PBXNativeTarget "iOSstudy1" */;
			buildPhases = (
				3792FFAB2AEE2A95008A9583 /* Sources */,
				3792FFAC2AEE2A95008A9583 /* Frameworks */,
				3792FFAD2AEE2A95008A9583 /* Resources */,
			);
			buildRules = (
			);
			dependencies = (
			);
			name = iOSstudy1;
			productName = iOSstudy1;
			productReference = 3792FFAF2AEE2A95008A9583 /* iOSstudy1.app */;
			productType = "com.apple.product-type.application";
		};
/* End PBXNativeTarget section */

/* Begin PBXProject section */
		3792FFA72AEE2A95008A9583 /* Project object */ = {
			isa = PBXProject;
			attributes = {
				BuildIndependentTargetsInParallel = 1;
				LastSwiftUpdateCheck = 1500;
				LastUpgradeCheck = 1500;
				TargetAttributes = {
					3792FFAE2AEE2A95008A9583 = {
						CreatedOnToolsVersion = 15.0.1;
					};
				};
			};
			buildConfigurationList = 3792FFAA2AEE2A95008A9583 /* Build configuration list for PBXProject "iOSstudy1" */;
			compatibilityVersion = "Xcode 14.0";
			developmentRegion = en;
			hasScannedForEncodings = 0;
			knownRegions = (
				en,
				Base,
			);
			mainGroup = 3792FFA62AEE2A95008A9583;
			productRefGroup = 3792FFB02AEE2A95008A9583 /* Products */;
			projectDirPath = "";
			projectRoot = "";
			targets = (
				3792FFAE2AEE2A95008A9583 /* iOSstudy1 */,
			);
		};
/* End PBXProject section */

/* Begin PBXResourcesBuildPhase section */
		3792FFAD2AEE2A95008A9583 /* Resources */ = {
			isa = PBXResourcesBuildPhase;
			buildActionMask = 2147483647;
			files = (
				3792FFBF2AEE2A99008A9583 /* LaunchScreen.storyboard in Resources */,
				3792FFBC2AEE2A99008A9583 /* Assets.xcassets in Resources */,
			);
			runOnlyForDeploymentPostprocessing = 0;
		};
/* End PBXResourcesBuildPhase section */

/* Begin PBXSourcesBuildPhase section */
		3792FFAB2AEE2A95008A9583 /* Sources */ = {
			isa = PBXSourcesBuildPhase;
			buildActionMask = 2147483647;
			files = (
				3792FFC92AEE365E008A9583 /* MyCollections.swift in Sources */,
				3792FFCB2AEE3A3F008A9583 /* Condition.swift in Sources */,
				3792FFCD2AEE3FDE008A9583 /* Loop.swift in Sources */,
				3792FFD52AEEBA0A008A9583 /* Diff.swift in Sources */,
				3792FFB72AEE2A95008A9583 /* ViewController.swift in Sources */,
				3792FFC72AEE31CD008A9583 /* VariableType.swift in Sources */,
				3792FFD32AEEAFA3008A9583 /* Elevator.swift in Sources */,
				3792FFD12AEEA94B008A9583 /* Half.swift in Sources */,
				3792FFB32AEE2A95008A9583 /* AppDelegate.swift in Sources */,
				3792FFB52AEE2A95008A9583 /* SceneDelegate.swift in Sources */,
				3792FFCF2AEE72C3008A9583 /* Function.swift in Sources */,
			);
			runOnlyForDeploymentPostprocessing = 0;
		};
/* End PBXSourcesBuildPhase section */

/* Begin PBXVariantGroup section */
		3792FFBD2AEE2A99008A9583 /* LaunchScreen.storyboard */ = {
			isa = PBXVariantGroup;
			children = (
				3792FFBE2AEE2A99008A9583 /* Base */,
			);
			name = LaunchScreen.storyboard;
			sourceTree = "<group>";
		};
/* End PBXVariantGroup section */

/* Begin XCBuildConfiguration section */
		3792FFC12AEE2A99008A9583 /* Debug */ = {
			isa = XCBuildConfiguration;
			buildSettings = {
				ALWAYS_SEARCH_USER_PATHS = NO;
				ASSETCATALOG_COMPILER_GENERATE_SWIFT_ASSET_SYMBOL_EXTENSIONS = YES;
				CLANG_ANALYZER_NONNULL = YES;
				CLANG_ANALYZER_NUMBER_OBJECT_CONVERSION = YES_AGGRESSIVE;
				CLANG_CXX_LANGUAGE_STANDARD = "gnu++20";
				CLANG_ENABLE_MODULES = YES;
				CLANG_ENABLE_OBJC_ARC = YES;
				CLANG_ENABLE_OBJC_WEAK = YES;
				CLANG_WARN_BLOCK_CAPTURE_AUTORELEASING = YES;
				CLANG_WARN_BOOL_CONVERSION = YES;
				CLANG_WARN_COMMA = YES;
				CLANG_WARN_CONSTANT_CONVERSION = YES;
				CLANG_WARN_DEPRECATED_OBJC_IMPLEMENTATIONS = YES;
				CLANG_WARN_DIRECT_OBJC_ISA_USAGE = YES_ERROR;
				CLANG_WARN_DOCUMENTATION_COMMENTS = YES;
				CLANG_WARN_EMPTY_BODY = YES;
				CLANG_WARN_ENUM_CONVERSION = YES;
				CLANG_WARN_INFINITE_RECURSION = YES;
				CLANG_WARN_INT_CONVERSION = YES;
				CLANG_WARN_NON_LITERAL_NULL_CONVERSION = YES;
				CLANG_WARN_OBJC_IMPLICIT_RETAIN_SELF = YES;
				CLANG_WARN_OBJC_LITERAL_CONVERSION = YES;
				CLANG_WARN_OBJC_ROOT_CLASS = YES_ERROR;
				CLANG_WARN_QUOTED_INCLUDE_IN_FRAMEWORK_HEADER = YES;
				CLANG_WARN_RANGE_LOOP_ANALYSIS = YES;
				CLANG_WARN_STRICT_PROTOTYPES = YES;
				CLANG_WARN_SUSPICIOUS_MOVE = YES;
				CLANG_WARN_UNGUARDED_AVAILABILITY = YES_AGGRESSIVE;
				CLANG_WARN_UNREACHABLE_CODE = YES;
				CLANG_WARN__DUPLICATE_METHOD_MATCH = YES;
				COPY_PHASE_STRIP = NO;
				DEBUG_INFORMATION_FORMAT = dwarf;
				ENABLE_STRICT_OBJC_MSGSEND = YES;
				ENABLE_TESTABILITY = YES;
				ENABLE_USER_SCRIPT_SANDBOXING = YES;
				GCC_C_LANGUAGE_STANDARD = gnu17;
				GCC_DYNAMIC_NO_PIC = NO;
				GCC_NO_COMMON_BLOCKS = YES;
				GCC_OPTIMIZATION_LEVEL = 0;
				GCC_PREPROCESSOR_DEFINITIONS = (
					"DEBUG=1",
					"$(inherited)",
				);
				GCC_WARN_64_TO_32_BIT_CONVERSION = YES;
				GCC_WARN_ABOUT_RETURN_TYPE = YES_ERROR;
				GCC_WARN_UNDECLARED_SELECTOR = YES;
				GCC_WARN_UNINITIALIZED_AUTOS = YES_AGGRESSIVE;
				GCC_WARN_UNUSED_FUNCTION = YES;
				GCC_WARN_UNUSED_VARIABLE = YES;
				IPHONEOS_DEPLOYMENT_TARGET = 17.0;
				LOCALIZATION_PREFERS_STRING_CATALOGS = YES;
				MTL_ENABLE_DEBUG_INFO = INCLUDE_SOURCE;
				MTL_FAST_MATH = YES;
				ONLY_ACTIVE_ARCH = YES;
				SDKROOT = iphoneos;
				SWIFT_ACTIVE_COMPILATION_CONDITIONS = "DEBUG $(inherited)";
				SWIFT_OPTIMIZATION_LEVEL = "-Onone";
			};
			name = Debug;
		};
		3792FFC22AEE2A99008A9583 /* Release */ = {
			isa = XCBuildConfiguration;
			buildSettings = {
				ALWAYS_SEARCH_USER_PATHS = NO;
				ASSETCATALOG_COMPILER_GENERATE_SWIFT_ASSET_SYMBOL_EXTENSIONS = YES;
				CLANG_ANALYZER_NONNULL = YES;
				CLANG_ANALYZER_NUMBER_OBJECT_CONVERSION = YES_AGGRESSIVE;
				CLANG_CXX_LANGUAGE_STANDARD = "gnu++20";
				CLANG_ENABLE_MODULES = YES;
				CLANG_ENABLE_OBJC_ARC = YES;
				CLANG_ENABLE_OBJC_WEAK = YES;
				CLANG_WARN_BLOCK_CAPTURE_AUTORELEASING = YES;
				CLANG_WARN_BOOL_CONVERSION = YES;
				CLANG_WARN_COMMA = YES;
				CLANG_WARN_CONSTANT_CONVERSION = YES;
				CLANG_WARN_DEPRECATED_OBJC_IMPLEMENTATIONS = YES;
				CLANG_WARN_DIRECT_OBJC_ISA_USAGE = YES_ERROR;
				CLANG_WARN_DOCUMENTATION_COMMENTS = YES;
				CLANG_WARN_EMPTY_BODY = YES;
				CLANG_WARN_ENUM_CONVERSION = YES;
				CLANG_WARN_INFINITE_RECURSION = YES;
				CLANG_WARN_INT_CONVERSION = YES;
				CLANG_WARN_NON_LITERAL_NULL_CONVERSION = YES;
				CLANG_WARN_OBJC_IMPLICIT_RETAIN_SELF = YES;
				CLANG_WARN_OBJC_LITERAL_CONVERSION = YES;
				CLANG_WARN_OBJC_ROOT_CLASS = YES_ERROR;
				CLANG_WARN_QUOTED_INCLUDE_IN_FRAMEWORK_HEADER = YES;
				CLANG_WARN_RANGE_LOOP_ANALYSIS = YES;
				CLANG_WARN_STRICT_PROTOTYPES = YES;
				CLANG_WARN_SUSPICIOUS_MOVE = YES;
				CLANG_WARN_UNGUARDED_AVAILABILITY = YES_AGGRESSIVE;
				CLANG_WARN_UNREACHABLE_CODE = YES;
				CLANG_WARN__DUPLICATE_METHOD_MATCH = YES;
				COPY_PHASE_STRIP = NO;
				DEBUG_INFORMATION_FORMAT = "dwarf-with-dsym";
				ENABLE_NS_ASSERTIONS = NO;
				ENABLE_STRICT_OBJC_MSGSEND = YES;
				ENABLE_USER_SCRIPT_SANDBOXING = YES;
				GCC_C_LANGUAGE_STANDARD = gnu17;
				GCC_NO_COMMON_BLOCKS = YES;
				GCC_WARN_64_TO_32_BIT_CONVERSION = YES;
				GCC_WARN_ABOUT_RETURN_TYPE = YES_ERROR;
				GCC_WARN_UNDECLARED_SELECTOR = YES;
				GCC_WARN_UNINITIALIZED_AUTOS = YES_AGGRESSIVE;
				GCC_WARN_UNUSED_FUNCTION = YES;
				GCC_WARN_UNUSED_VARIABLE = YES;
				IPHONEOS_DEPLOYMENT_TARGET = 17.0;
				LOCALIZATION_PREFERS_STRING_CATALOGS = YES;
				MTL_ENABLE_DEBUG_INFO = NO;
				MTL_FAST_MATH = YES;
				SDKROOT = iphoneos;
				SWIFT_COMPILATION_MODE = wholemodule;
				VALIDATE_PRODUCT = YES;
			};
			name = Release;
		};
		3792FFC42AEE2A99008A9583 /* Debug */ = {
			isa = XCBuildConfiguration;
			buildSettings = {
				ASSETCATALOG_COMPILER_APPICON_NAME = AppIcon;
				ASSETCATALOG_COMPILER_GLOBAL_ACCENT_COLOR_NAME = AccentColor;
				CODE_SIGN_STYLE = Automatic;
				CURRENT_PROJECT_VERSION = 1;
				DEVELOPMENT_TEAM = FQ9852Z3LX;
				GENERATE_INFOPLIST_FILE = YES;
				INFOPLIST_FILE = iOSstudy1/Info.plist;
				INFOPLIST_KEY_UIApplicationSupportsIndirectInputEvents = YES;
				INFOPLIST_KEY_UILaunchStoryboardName = LaunchScreen;
				INFOPLIST_KEY_UISupportedInterfaceOrientations_iPad = "UIInterfaceOrientationPortrait UIInterfaceOrientationPortraitUpsideDown UIInterfaceOrientationLandscapeLeft UIInterfaceOrientationLandscapeRight";
				INFOPLIST_KEY_UISupportedInterfaceOrientations_iPhone = "UIInterfaceOrientationPortrait UIInterfaceOrientationLandscapeLeft UIInterfaceOrientationLandscapeRight";
				LD_RUNPATH_SEARCH_PATHS = (
					"$(inherited)",
					"@executable_path/Frameworks",
				);
				MARKETING_VERSION = 1.0;
				PRODUCT_BUNDLE_IDENTIFIER = dami.iOSstudy1;
				PRODUCT_NAME = "$(TARGET_NAME)";
				SWIFT_EMIT_LOC_STRINGS = YES;
				SWIFT_VERSION = 5.0;
				TARGETED_DEVICE_FAMILY = "1,2";
			};
			name = Debug;
		};
		3792FFC52AEE2A99008A9583 /* Release */ = {
			isa = XCBuildConfiguration;
			buildSettings = {
				ASSETCATALOG_COMPILER_APPICON_NAME = AppIcon;
				ASSETCATALOG_COMPILER_GLOBAL_ACCENT_COLOR_NAME = AccentColor;
				CODE_SIGN_STYLE = Automatic;
				CURRENT_PROJECT_VERSION = 1;
				DEVELOPMENT_TEAM = FQ9852Z3LX;
				GENERATE_INFOPLIST_FILE = YES;
				INFOPLIST_FILE = iOSstudy1/Info.plist;
				INFOPLIST_KEY_UIApplicationSupportsIndirectInputEvents = YES;
				INFOPLIST_KEY_UILaunchStoryboardName = LaunchScreen;
				INFOPLIST_KEY_UISupportedInterfaceOrientations_iPad = "UIInterfaceOrientationPortrait UIInterfaceOrientationPortraitUpsideDown UIInterfaceOrientationLandscapeLeft UIInterfaceOrientationLandscapeRight";
				INFOPLIST_KEY_UISupportedInterfaceOrientations_iPhone = "UIInterfaceOrientationPortrait UIInterfaceOrientationLandscapeLeft UIInterfaceOrientationLandscapeRight";
				LD_RUNPATH_SEARCH_PATHS = (
					"$(inherited)",
					"@executable_path/Frameworks",
				);
				MARKETING_VERSION = 1.0;
				PRODUCT_BUNDLE_IDENTIFIER = dami.iOSstudy1;
				PRODUCT_NAME = "$(TARGET_NAME)";
				SWIFT_EMIT_LOC_STRINGS = YES;
				SWIFT_VERSION = 5.0;
				TARGETED_DEVICE_FAMILY = "1,2";
			};
			name = Release;
		};
/* End XCBuildConfiguration section */

/* Begin XCConfigurationList section */
		3792FFAA2AEE2A95008A9583 /* Build configuration list for PBXProject "iOSstudy1" */ = {
			isa = XCConfigurationList;
			buildConfigurations = (
				3792FFC12AEE2A99008A9583 /* Debug */,
				3792FFC22AEE2A99008A9583 /* Release */,
			);
			defaultConfigurationIsVisible = 0;
			defaultConfigurationName = Release;
		};
		3792FFC32AEE2A99008A9583 /* Build configuration list for PBXNativeTarget "iOSstudy1" */ = {
			isa = XCConfigurationList;
			buildConfigurations = (
				3792FFC42AEE2A99008A9583 /* Debug */,
				3792FFC52AEE2A99008A9583 /* Release */,
			);
			defaultConfigurationIsVisible = 0;
			defaultConfigurationName = Release;
		};
/* End XCConfigurationList section */
	};
	rootObject = 3792FFA72AEE2A95008A9583 /* Project object */;
}
