// !$*UTF8*$!
{
	archiveVersion = 1;
	classes = {
	};
	objectVersion = 56;
	objects = {

/* Begin PBXBuildFile section */
		3790A8F92AA754EE009378F0 /* AppDelegate.swift in Sources */ = {isa = PBXBuildFile; fileRef = 3790A8F82AA754EE009378F0 /* AppDelegate.swift */; };
		3790A8FB2AA754EE009378F0 /* SceneDelegate.swift in Sources */ = {isa = PBXBuildFile; fileRef = 3790A8FA2AA754EE009378F0 /* SceneDelegate.swift */; };
		3790A8FD2AA754EE009378F0 /* ViewController.swift in Sources */ = {isa = PBXBuildFile; fileRef = 3790A8FC2AA754EE009378F0 /* ViewController.swift */; };
		3790A9022AA754F0009378F0 /* Assets.xcassets in Resources */ = {isa = PBXBuildFile; fileRef = 3790A9012AA754F0009378F0 /* Assets.xcassets */; };
		3790A9052AA754F0009378F0 /* LaunchScreen.storyboard in Resources */ = {isa = PBXBuildFile; fileRef = 3790A9032AA754F0009378F0 /* LaunchScreen.storyboard */; };
		3790A90D2AA755D4009378F0 /* BottomSheetViewController.swift in Sources */ = {isa = PBXBuildFile; fileRef = 3790A90C2AA755D4009378F0 /* BottomSheetViewController.swift */; };
		3790A9102AA757D9009378F0 /* SnapKit in Frameworks */ = {isa = PBXBuildFile; productRef = 3790A90F2AA757D9009378F0 /* SnapKit */; };
		3790A9132AA75817009378F0 /* RxCocoa in Frameworks */ = {isa = PBXBuildFile; productRef = 3790A9122AA75817009378F0 /* RxCocoa */; };
		3790A9152AA75817009378F0 /* RxRelay in Frameworks */ = {isa = PBXBuildFile; productRef = 3790A9142AA75817009378F0 /* RxRelay */; };
		3790A9172AA75817009378F0 /* RxSwift in Frameworks */ = {isa = PBXBuildFile; productRef = 3790A9162AA75817009378F0 /* RxSwift */; };
/* End PBXBuildFile section */

/* Begin PBXFileReference section */
		3790A8F52AA754EE009378F0 /* TabbarWithBottomSheet.app */ = {isa = PBXFileReference; explicitFileType = wrapper.application; includeInIndex = 0; path = TabbarWithBottomSheet.app; sourceTree = BUILT_PRODUCTS_DIR; };
		3790A8F82AA754EE009378F0 /* AppDelegate.swift */ = {isa = PBXFileReference; lastKnownFileType = sourcecode.swift; path = AppDelegate.swift; sourceTree = "<group>"; };
		3790A8FA2AA754EE009378F0 /* SceneDelegate.swift */ = {isa = PBXFileReference; lastKnownFileType = sourcecode.swift; path = SceneDelegate.swift; sourceTree = "<group>"; };
		3790A8FC2AA754EE009378F0 /* ViewController.swift */ = {isa = PBXFileReference; lastKnownFileType = sourcecode.swift; path = ViewController.swift; sourceTree = "<group>"; };
		3790A9012AA754F0009378F0 /* Assets.xcassets */ = {isa = PBXFileReference; lastKnownFileType = folder.assetcatalog; path = Assets.xcassets; sourceTree = "<group>"; };
		3790A9042AA754F0009378F0 /* Base */ = {isa = PBXFileReference; lastKnownFileType = file.storyboard; name = Base; path = Base.lproj/LaunchScreen.storyboard; sourceTree = "<group>"; };
		3790A9062AA754F0009378F0 /* Info.plist */ = {isa = PBXFileReference; lastKnownFileType = text.plist.xml; path = Info.plist; sourceTree = "<group>"; };
		3790A90C2AA755D4009378F0 /* BottomSheetViewController.swift */ = {isa = PBXFileReference; lastKnownFileType = sourcecode.swift; path = BottomSheetViewController.swift; sourceTree = "<group>"; };
/* End PBXFileReference section */

/* Begin PBXFrameworksBuildPhase section */
		3790A8F22AA754EE009378F0 /* Frameworks */ = {
			isa = PBXFrameworksBuildPhase;
			buildActionMask = 2147483647;
			files = (
				3790A9152AA75817009378F0 /* RxRelay in Frameworks */,
				3790A9132AA75817009378F0 /* RxCocoa in Frameworks */,
				3790A9172AA75817009378F0 /* RxSwift in Frameworks */,
				3790A9102AA757D9009378F0 /* SnapKit in Frameworks */,
			);
			runOnlyForDeploymentPostprocessing = 0;
		};
/* End PBXFrameworksBuildPhase section */

/* Begin PBXGroup section */
		3790A8EC2AA754EE009378F0 = {
			isa = PBXGroup;
			children = (
				3790A8F72AA754EE009378F0 /* TabbarWithBottomSheet */,
				3790A8F62AA754EE009378F0 /* Products */,
			);
			sourceTree = "<group>";
		};
		3790A8F62AA754EE009378F0 /* Products */ = {
			isa = PBXGroup;
			children = (
				3790A8F52AA754EE009378F0 /* TabbarWithBottomSheet.app */,
			);
			name = Products;
			sourceTree = "<group>";
		};
		3790A8F72AA754EE009378F0 /* TabbarWithBottomSheet */ = {
			isa = PBXGroup;
			children = (
				3790A8F82AA754EE009378F0 /* AppDelegate.swift */,
				3790A8FA2AA754EE009378F0 /* SceneDelegate.swift */,
				3790A8FC2AA754EE009378F0 /* ViewController.swift */,
				3790A9012AA754F0009378F0 /* Assets.xcassets */,
				3790A9032AA754F0009378F0 /* LaunchScreen.storyboard */,
				3790A9062AA754F0009378F0 /* Info.plist */,
				3790A90C2AA755D4009378F0 /* BottomSheetViewController.swift */,
			);
			path = TabbarWithBottomSheet;
			sourceTree = "<group>";
		};
/* End PBXGroup section */

/* Begin PBXNativeTarget section */
		3790A8F42AA754EE009378F0 /* TabbarWithBottomSheet */ = {
			isa = PBXNativeTarget;
			buildConfigurationList = 3790A9092AA754F0009378F0 /* Build configuration list for PBXNativeTarget "TabbarWithBottomSheet" */;
			buildPhases = (
				3790A8F12AA754EE009378F0 /* Sources */,
				3790A8F22AA754EE009378F0 /* Frameworks */,
				3790A8F32AA754EE009378F0 /* Resources */,
			);
			buildRules = (
			);
			dependencies = (
			);
			name = TabbarWithBottomSheet;
			packageProductDependencies = (
				3790A90F2AA757D9009378F0 /* SnapKit */,
				3790A9122AA75817009378F0 /* RxCocoa */,
				3790A9142AA75817009378F0 /* RxRelay */,
				3790A9162AA75817009378F0 /* RxSwift */,
			);
			productName = TabbarWithBottomSheet;
			productReference = 3790A8F52AA754EE009378F0 /* TabbarWithBottomSheet.app */;
			productType = "com.apple.product-type.application";
		};
/* End PBXNativeTarget section */

/* Begin PBXProject section */
		3790A8ED2AA754EE009378F0 /* Project object */ = {
			isa = PBXProject;
			attributes = {
				BuildIndependentTargetsInParallel = 1;
				LastSwiftUpdateCheck = 1430;
				LastUpgradeCheck = 1430;
				TargetAttributes = {
					3790A8F42AA754EE009378F0 = {
						CreatedOnToolsVersion = 14.3.1;
					};
				};
			};
			buildConfigurationList = 3790A8F02AA754EE009378F0 /* Build configuration list for PBXProject "TabbarWithBottomSheet" */;
			compatibilityVersion = "Xcode 14.0";
			developmentRegion = en;
			hasScannedForEncodings = 0;
			knownRegions = (
				en,
				Base,
			);
			mainGroup = 3790A8EC2AA754EE009378F0;
			packageReferences = (
				3790A90E2AA757D9009378F0 /* XCRemoteSwiftPackageReference "SnapKit" */,
				3790A9112AA75817009378F0 /* XCRemoteSwiftPackageReference "RxSwift" */,
			);
			productRefGroup = 3790A8F62AA754EE009378F0 /* Products */;
			projectDirPath = "";
			projectRoot = "";
			targets = (
				3790A8F42AA754EE009378F0 /* TabbarWithBottomSheet */,
			);
		};
/* End PBXProject section */

/* Begin PBXResourcesBuildPhase section */
		3790A8F32AA754EE009378F0 /* Resources */ = {
			isa = PBXResourcesBuildPhase;
			buildActionMask = 2147483647;
			files = (
				3790A9052AA754F0009378F0 /* LaunchScreen.storyboard in Resources */,
				3790A9022AA754F0009378F0 /* Assets.xcassets in Resources */,
			);
			runOnlyForDeploymentPostprocessing = 0;
		};
/* End PBXResourcesBuildPhase section */

/* Begin PBXSourcesBuildPhase section */
		3790A8F12AA754EE009378F0 /* Sources */ = {
			isa = PBXSourcesBuildPhase;
			buildActionMask = 2147483647;
			files = (
				3790A8FD2AA754EE009378F0 /* ViewController.swift in Sources */,
				3790A8F92AA754EE009378F0 /* AppDelegate.swift in Sources */,
				3790A8FB2AA754EE009378F0 /* SceneDelegate.swift in Sources */,
				3790A90D2AA755D4009378F0 /* BottomSheetViewController.swift in Sources */,
			);
			runOnlyForDeploymentPostprocessing = 0;
		};
/* End PBXSourcesBuildPhase section */

/* Begin PBXVariantGroup section */
		3790A9032AA754F0009378F0 /* LaunchScreen.storyboard */ = {
			isa = PBXVariantGroup;
			children = (
				3790A9042AA754F0009378F0 /* Base */,
			);
			name = LaunchScreen.storyboard;
			sourceTree = "<group>";
		};
/* End PBXVariantGroup section */

/* Begin XCBuildConfiguration section */
		3790A9072AA754F0009378F0 /* Debug */ = {
			isa = XCBuildConfiguration;
			buildSettings = {
				ALWAYS_SEARCH_USER_PATHS = NO;
				CLANG_ANALYZER_NONNULL = YES;
				CLANG_ANALYZER_NUMBER_OBJECT_CONVERSION = YES_AGGRESSIVE;
				CLANG_CXX_LANGUAGE_STANDARD = "gnu++20";
				CLANG_ENABLE_MODULES = YES;
				CLANG_ENABLE_OBJC_ARC = YES;
				CLANG_ENABLE_OBJC_WEAK = YES;
				CLANG_WARN_BLOCK_CAPTURE_AUTORELEASING = YES;
				CLANG_WARN_BOOL_CONVERSION = YES;
				CLANG_WARN_COMMA = YES;
				CLANG_WARN_CONSTANT_CONVERSION = YES;
				CLANG_WARN_DEPRECATED_OBJC_IMPLEMENTATIONS = YES;
				CLANG_WARN_DIRECT_OBJC_ISA_USAGE = YES_ERROR;
				CLANG_WARN_DOCUMENTATION_COMMENTS = YES;
				CLANG_WARN_EMPTY_BODY = YES;
				CLANG_WARN_ENUM_CONVERSION = YES;
				CLANG_WARN_INFINITE_RECURSION = YES;
				CLANG_WARN_INT_CONVERSION = YES;
				CLANG_WARN_NON_LITERAL_NULL_CONVERSION = YES;
				CLANG_WARN_OBJC_IMPLICIT_RETAIN_SELF = YES;
				CLANG_WARN_OBJC_LITERAL_CONVERSION = YES;
				CLANG_WARN_OBJC_ROOT_CLASS = YES_ERROR;
				CLANG_WARN_QUOTED_INCLUDE_IN_FRAMEWORK_HEADER = YES;
				CLANG_WARN_RANGE_LOOP_ANALYSIS = YES;
				CLANG_WARN_STRICT_PROTOTYPES = YES;
				CLANG_WARN_SUSPICIOUS_MOVE = YES;
				CLANG_WARN_UNGUARDED_AVAILABILITY = YES_AGGRESSIVE;
				CLANG_WARN_UNREACHABLE_CODE = YES;
				CLANG_WARN__DUPLICATE_METHOD_MATCH = YES;
				COPY_PHASE_STRIP = NO;
				DEBUG_INFORMATION_FORMAT = dwarf;
				ENABLE_STRICT_OBJC_MSGSEND = YES;
				ENABLE_TESTABILITY = YES;
				GCC_C_LANGUAGE_STANDARD = gnu11;
				GCC_DYNAMIC_NO_PIC = NO;
				GCC_NO_COMMON_BLOCKS = YES;
				GCC_OPTIMIZATION_LEVEL = 0;
				GCC_PREPROCESSOR_DEFINITIONS = (
					"DEBUG=1",
					"$(inherited)",
				);
				GCC_WARN_64_TO_32_BIT_CONVERSION = YES;
				GCC_WARN_ABOUT_RETURN_TYPE = YES_ERROR;
				GCC_WARN_UNDECLARED_SELECTOR = YES;
				GCC_WARN_UNINITIALIZED_AUTOS = YES_AGGRESSIVE;
				GCC_WARN_UNUSED_FUNCTION = YES;
				GCC_WARN_UNUSED_VARIABLE = YES;
				IPHONEOS_DEPLOYMENT_TARGET = 16.4;
				MTL_ENABLE_DEBUG_INFO = INCLUDE_SOURCE;
				MTL_FAST_MATH = YES;
				ONLY_ACTIVE_ARCH = YES;
				SDKROOT = iphoneos;
				SWIFT_ACTIVE_COMPILATION_CONDITIONS = DEBUG;
				SWIFT_OPTIMIZATION_LEVEL = "-Onone";
			};
			name = Debug;
		};
		3790A9082AA754F0009378F0 /* Release */ = {
			isa = XCBuildConfiguration;
			buildSettings = {
				ALWAYS_SEARCH_USER_PATHS = NO;
				CLANG_ANALYZER_NONNULL = YES;
				CLANG_ANALYZER_NUMBER_OBJECT_CONVERSION = YES_AGGRESSIVE;
				CLANG_CXX_LANGUAGE_STANDARD = "gnu++20";
				CLANG_ENABLE_MODULES = YES;
				CLANG_ENABLE_OBJC_ARC = YES;
				CLANG_ENABLE_OBJC_WEAK = YES;
				CLANG_WARN_BLOCK_CAPTURE_AUTORELEASING = YES;
				CLANG_WARN_BOOL_CONVERSION = YES;
				CLANG_WARN_COMMA = YES;
				CLANG_WARN_CONSTANT_CONVERSION = YES;
				CLANG_WARN_DEPRECATED_OBJC_IMPLEMENTATIONS = YES;
				CLANG_WARN_DIRECT_OBJC_ISA_USAGE = YES_ERROR;
				CLANG_WARN_DOCUMENTATION_COMMENTS = YES;
				CLANG_WARN_EMPTY_BODY = YES;
				CLANG_WARN_ENUM_CONVERSION = YES;
				CLANG_WARN_INFINITE_RECURSION = YES;
				CLANG_WARN_INT_CONVERSION = YES;
				CLANG_WARN_NON_LITERAL_NULL_CONVERSION = YES;
				CLANG_WARN_OBJC_IMPLICIT_RETAIN_SELF = YES;
				CLANG_WARN_OBJC_LITERAL_CONVERSION = YES;
				CLANG_WARN_OBJC_ROOT_CLASS = YES_ERROR;
				CLANG_WARN_QUOTED_INCLUDE_IN_FRAMEWORK_HEADER = YES;
				CLANG_WARN_RANGE_LOOP_ANALYSIS = YES;
				CLANG_WARN_STRICT_PROTOTYPES = YES;
				CLANG_WARN_SUSPICIOUS_MOVE = YES;
				CLANG_WARN_UNGUARDED_AVAILABILITY = YES_AGGRESSIVE;
				CLANG_WARN_UNREACHABLE_CODE = YES;
				CLANG_WARN__DUPLICATE_METHOD_MATCH = YES;
				COPY_PHASE_STRIP = NO;
				DEBUG_INFORMATION_FORMAT = "dwarf-with-dsym";
				ENABLE_NS_ASSERTIONS = NO;
				ENABLE_STRICT_OBJC_MSGSEND = YES;
				GCC_C_LANGUAGE_STANDARD = gnu11;
				GCC_NO_COMMON_BLOCKS = YES;
				GCC_WARN_64_TO_32_BIT_CONVERSION = YES;
				GCC_WARN_ABOUT_RETURN_TYPE = YES_ERROR;
				GCC_WARN_UNDECLARED_SELECTOR = YES;
				GCC_WARN_UNINITIALIZED_AUTOS = YES_AGGRESSIVE;
				GCC_WARN_UNUSED_FUNCTION = YES;
				GCC_WARN_UNUSED_VARIABLE = YES;
				IPHONEOS_DEPLOYMENT_TARGET = 16.4;
				MTL_ENABLE_DEBUG_INFO = NO;
				MTL_FAST_MATH = YES;
				SDKROOT = iphoneos;
				SWIFT_COMPILATION_MODE = wholemodule;
				SWIFT_OPTIMIZATION_LEVEL = "-O";
				VALIDATE_PRODUCT = YES;
			};
			name = Release;
		};
		3790A90A2AA754F0009378F0 /* Debug */ = {
			isa = XCBuildConfiguration;
			buildSettings = {
				ASSETCATALOG_COMPILER_APPICON_NAME = AppIcon;
				ASSETCATALOG_COMPILER_GLOBAL_ACCENT_COLOR_NAME = AccentColor;
				CODE_SIGN_STYLE = Automatic;
				CURRENT_PROJECT_VERSION = 1;
				DEVELOPMENT_TEAM = FQ9852Z3LX;
				GENERATE_INFOPLIST_FILE = YES;
				INFOPLIST_FILE = TabbarWithBottomSheet/Info.plist;
				INFOPLIST_KEY_UIApplicationSupportsIndirectInputEvents = YES;
				INFOPLIST_KEY_UILaunchStoryboardName = LaunchScreen;
				INFOPLIST_KEY_UISupportedInterfaceOrientations_iPad = "UIInterfaceOrientationPortrait UIInterfaceOrientationPortraitUpsideDown UIInterfaceOrientationLandscapeLeft UIInterfaceOrientationLandscapeRight";
				INFOPLIST_KEY_UISupportedInterfaceOrientations_iPhone = "UIInterfaceOrientationPortrait UIInterfaceOrientationLandscapeLeft UIInterfaceOrientationLandscapeRight";
				LD_RUNPATH_SEARCH_PATHS = (
					"$(inherited)",
					"@executable_path/Frameworks",
				);
				MARKETING_VERSION = 1.0;
				PRODUCT_BUNDLE_IDENTIFIER = dami.TabbarWithBottomSheet;
				PRODUCT_NAME = "$(TARGET_NAME)";
				SWIFT_EMIT_LOC_STRINGS = YES;
				SWIFT_VERSION = 5.0;
				TARGETED_DEVICE_FAMILY = "1,2";
			};
			name = Debug;
		};
		3790A90B2AA754F0009378F0 /* Release */ = {
			isa = XCBuildConfiguration;
			buildSettings = {
				ASSETCATALOG_COMPILER_APPICON_NAME = AppIcon;
				ASSETCATALOG_COMPILER_GLOBAL_ACCENT_COLOR_NAME = AccentColor;
				CODE_SIGN_STYLE = Automatic;
				CURRENT_PROJECT_VERSION = 1;
				DEVELOPMENT_TEAM = FQ9852Z3LX;
				GENERATE_INFOPLIST_FILE = YES;
				INFOPLIST_FILE = TabbarWithBottomSheet/Info.plist;
				INFOPLIST_KEY_UIApplicationSupportsIndirectInputEvents = YES;
				INFOPLIST_KEY_UILaunchStoryboardName = LaunchScreen;
				INFOPLIST_KEY_UISupportedInterfaceOrientations_iPad = "UIInterfaceOrientationPortrait UIInterfaceOrientationPortraitUpsideDown UIInterfaceOrientationLandscapeLeft UIInterfaceOrientationLandscapeRight";
				INFOPLIST_KEY_UISupportedInterfaceOrientations_iPhone = "UIInterfaceOrientationPortrait UIInterfaceOrientationLandscapeLeft UIInterfaceOrientationLandscapeRight";
				LD_RUNPATH_SEARCH_PATHS = (
					"$(inherited)",
					"@executable_path/Frameworks",
				);
				MARKETING_VERSION = 1.0;
				PRODUCT_BUNDLE_IDENTIFIER = dami.TabbarWithBottomSheet;
				PRODUCT_NAME = "$(TARGET_NAME)";
				SWIFT_EMIT_LOC_STRINGS = YES;
				SWIFT_VERSION = 5.0;
				TARGETED_DEVICE_FAMILY = "1,2";
			};
			name = Release;
		};
/* End XCBuildConfiguration section */

/* Begin XCConfigurationList section */
		3790A8F02AA754EE009378F0 /* Build configuration list for PBXProject "TabbarWithBottomSheet" */ = {
			isa = XCConfigurationList;
			buildConfigurations = (
				3790A9072AA754F0009378F0 /* Debug */,
				3790A9082AA754F0009378F0 /* Release */,
			);
			defaultConfigurationIsVisible = 0;
			defaultConfigurationName = Release;
		};
		3790A9092AA754F0009378F0 /* Build configuration list for PBXNativeTarget "TabbarWithBottomSheet" */ = {
			isa = XCConfigurationList;
			buildConfigurations = (
				3790A90A2AA754F0009378F0 /* Debug */,
				3790A90B2AA754F0009378F0 /* Release */,
			);
			defaultConfigurationIsVisible = 0;
			defaultConfigurationName = Release;
		};
/* End XCConfigurationList section */

/* Begin XCRemoteSwiftPackageReference section */
		3790A90E2AA757D9009378F0 /* XCRemoteSwiftPackageReference "SnapKit" */ = {
			isa = XCRemoteSwiftPackageReference;
			repositoryURL = "https://github.com/SnapKit/SnapKit.git";
			requirement = {
				kind = upToNextMajorVersion;
				minimumVersion = 5.0.0;
			};
		};
		3790A9112AA75817009378F0 /* XCRemoteSwiftPackageReference "RxSwift" */ = {
			isa = XCRemoteSwiftPackageReference;
			repositoryURL = "https://github.com/ReactiveX/RxSwift.git";
			requirement = {
				kind = upToNextMajorVersion;
				minimumVersion = 6.0.0;
			};
		};
/* End XCRemoteSwiftPackageReference section */

/* Begin XCSwiftPackageProductDependency section */
		3790A90F2AA757D9009378F0 /* SnapKit */ = {
			isa = XCSwiftPackageProductDependency;
			package = 3790A90E2AA757D9009378F0 /* XCRemoteSwiftPackageReference "SnapKit" */;
			productName = SnapKit;
		};
		3790A9122AA75817009378F0 /* RxCocoa */ = {
			isa = XCSwiftPackageProductDependency;
			package = 3790A9112AA75817009378F0 /* XCRemoteSwiftPackageReference "RxSwift" */;
			productName = RxCocoa;
		};
		3790A9142AA75817009378F0 /* RxRelay */ = {
			isa = XCSwiftPackageProductDependency;
			package = 3790A9112AA75817009378F0 /* XCRemoteSwiftPackageReference "RxSwift" */;
			productName = RxRelay;
		};
		3790A9162AA75817009378F0 /* RxSwift */ = {
			isa = XCSwiftPackageProductDependency;
			package = 3790A9112AA75817009378F0 /* XCRemoteSwiftPackageReference "RxSwift" */;
			productName = RxSwift;
		};
/* End XCSwiftPackageProductDependency section */
	};
	rootObject = 3790A8ED2AA754EE009378F0 /* Project object */;
}
