// !$*UTF8*$!
{
	archiveVersion = 1;
	classes = {
	};
	objectVersion = 56;
	objects = {

/* Begin PBXBuildFile section */
		374061052A6D07E700C53163 /* AppDelegate.swift in Sources */ = {isa = PBXBuildFile; fileRef = 374061042A6D07E700C53163 /* AppDelegate.swift */; };
		374061072A6D07E700C53163 /* SceneDelegate.swift in Sources */ = {isa = PBXBuildFile; fileRef = 374061062A6D07E700C53163 /* SceneDelegate.swift */; };
		374061092A6D07E700C53163 /* ViewController.swift in Sources */ = {isa = PBXBuildFile; fileRef = 374061082A6D07E700C53163 /* ViewController.swift */; };
		3740610E2A6D07EA00C53163 /* Assets.xcassets in Resources */ = {isa = PBXBuildFile; fileRef = 3740610D2A6D07EA00C53163 /* Assets.xcassets */; };
		374061112A6D07EA00C53163 /* LaunchScreen.storyboard in Resources */ = {isa = PBXBuildFile; fileRef = 3740610F2A6D07EA00C53163 /* LaunchScreen.storyboard */; };
		3740611C2A6D07EB00C53163 /* MapKitTestTests.swift in Sources */ = {isa = PBXBuildFile; fileRef = 3740611B2A6D07EB00C53163 /* MapKitTestTests.swift */; };
		374061262A6D07EB00C53163 /* MapKitTestUITests.swift in Sources */ = {isa = PBXBuildFile; fileRef = 374061252A6D07EB00C53163 /* MapKitTestUITests.swift */; };
		374061282A6D07EB00C53163 /* MapKitTestUITestsLaunchTests.swift in Sources */ = {isa = PBXBuildFile; fileRef = 374061272A6D07EB00C53163 /* MapKitTestUITestsLaunchTests.swift */; };
		374061362A6D080C00C53163 /* SnapKit in Frameworks */ = {isa = PBXBuildFile; productRef = 374061352A6D080C00C53163 /* SnapKit */; };
/* End PBXBuildFile section */

/* Begin PBXContainerItemProxy section */
		374061182A6D07EB00C53163 /* PBXContainerItemProxy */ = {
			isa = PBXContainerItemProxy;
			containerPortal = 374060F92A6D07E700C53163 /* Project object */;
			proxyType = 1;
			remoteGlobalIDString = 374061002A6D07E700C53163;
			remoteInfo = MapKitTest;
		};
		374061222A6D07EB00C53163 /* PBXContainerItemProxy */ = {
			isa = PBXContainerItemProxy;
			containerPortal = 374060F92A6D07E700C53163 /* Project object */;
			proxyType = 1;
			remoteGlobalIDString = 374061002A6D07E700C53163;
			remoteInfo = MapKitTest;
		};
/* End PBXContainerItemProxy section */

/* Begin PBXFileReference section */
		374061012A6D07E700C53163 /* MapKitTest.app */ = {isa = PBXFileReference; explicitFileType = wrapper.application; includeInIndex = 0; path = MapKitTest.app; sourceTree = BUILT_PRODUCTS_DIR; };
		374061042A6D07E700C53163 /* AppDelegate.swift */ = {isa = PBXFileReference; lastKnownFileType = sourcecode.swift; path = AppDelegate.swift; sourceTree = "<group>"; };
		374061062A6D07E700C53163 /* SceneDelegate.swift */ = {isa = PBXFileReference; lastKnownFileType = sourcecode.swift; path = SceneDelegate.swift; sourceTree = "<group>"; };
		374061082A6D07E700C53163 /* ViewController.swift */ = {isa = PBXFileReference; lastKnownFileType = sourcecode.swift; path = ViewController.swift; sourceTree = "<group>"; };
		3740610D2A6D07EA00C53163 /* Assets.xcassets */ = {isa = PBXFileReference; lastKnownFileType = folder.assetcatalog; path = Assets.xcassets; sourceTree = "<group>"; };
		374061102A6D07EA00C53163 /* Base */ = {isa = PBXFileReference; lastKnownFileType = file.storyboard; name = Base; path = Base.lproj/LaunchScreen.storyboard; sourceTree = "<group>"; };
		374061122A6D07EA00C53163 /* Info.plist */ = {isa = PBXFileReference; lastKnownFileType = text.plist.xml; path = Info.plist; sourceTree = "<group>"; };
		374061172A6D07EB00C53163 /* MapKitTestTests.xctest */ = {isa = PBXFileReference; explicitFileType = wrapper.cfbundle; includeInIndex = 0; path = MapKitTestTests.xctest; sourceTree = BUILT_PRODUCTS_DIR; };
		3740611B2A6D07EB00C53163 /* MapKitTestTests.swift */ = {isa = PBXFileReference; lastKnownFileType = sourcecode.swift; path = MapKitTestTests.swift; sourceTree = "<group>"; };
		374061212A6D07EB00C53163 /* MapKitTestUITests.xctest */ = {isa = PBXFileReference; explicitFileType = wrapper.cfbundle; includeInIndex = 0; path = MapKitTestUITests.xctest; sourceTree = BUILT_PRODUCTS_DIR; };
		374061252A6D07EB00C53163 /* MapKitTestUITests.swift */ = {isa = PBXFileReference; lastKnownFileType = sourcecode.swift; path = MapKitTestUITests.swift; sourceTree = "<group>"; };
		374061272A6D07EB00C53163 /* MapKitTestUITestsLaunchTests.swift */ = {isa = PBXFileReference; lastKnownFileType = sourcecode.swift; path = MapKitTestUITestsLaunchTests.swift; sourceTree = "<group>"; };
/* End PBXFileReference section */

/* Begin PBXFrameworksBuildPhase section */
		374060FE2A6D07E700C53163 /* Frameworks */ = {
			isa = PBXFrameworksBuildPhase;
			buildActionMask = 2147483647;
			files = (
				374061362A6D080C00C53163 /* SnapKit in Frameworks */,
			);
			runOnlyForDeploymentPostprocessing = 0;
		};
		374061142A6D07EB00C53163 /* Frameworks */ = {
			isa = PBXFrameworksBuildPhase;
			buildActionMask = 2147483647;
			files = (
			);
			runOnlyForDeploymentPostprocessing = 0;
		};
		3740611E2A6D07EB00C53163 /* Frameworks */ = {
			isa = PBXFrameworksBuildPhase;
			buildActionMask = 2147483647;
			files = (
			);
			runOnlyForDeploymentPostprocessing = 0;
		};
/* End PBXFrameworksBuildPhase section */

/* Begin PBXGroup section */
		374060F82A6D07E700C53163 = {
			isa = PBXGroup;
			children = (
				374061032A6D07E700C53163 /* MapKitTest */,
				3740611A2A6D07EB00C53163 /* MapKitTestTests */,
				374061242A6D07EB00C53163 /* MapKitTestUITests */,
				374061022A6D07E700C53163 /* Products */,
			);
			sourceTree = "<group>";
		};
		374061022A6D07E700C53163 /* Products */ = {
			isa = PBXGroup;
			children = (
				374061012A6D07E700C53163 /* MapKitTest.app */,
				374061172A6D07EB00C53163 /* MapKitTestTests.xctest */,
				374061212A6D07EB00C53163 /* MapKitTestUITests.xctest */,
			);
			name = Products;
			sourceTree = "<group>";
		};
		374061032A6D07E700C53163 /* MapKitTest */ = {
			isa = PBXGroup;
			children = (
				374061042A6D07E700C53163 /* AppDelegate.swift */,
				374061062A6D07E700C53163 /* SceneDelegate.swift */,
				374061082A6D07E700C53163 /* ViewController.swift */,
				3740610D2A6D07EA00C53163 /* Assets.xcassets */,
				3740610F2A6D07EA00C53163 /* LaunchScreen.storyboard */,
				374061122A6D07EA00C53163 /* Info.plist */,
			);
			path = MapKitTest;
			sourceTree = "<group>";
		};
		3740611A2A6D07EB00C53163 /* MapKitTestTests */ = {
			isa = PBXGroup;
			children = (
				3740611B2A6D07EB00C53163 /* MapKitTestTests.swift */,
			);
			path = MapKitTestTests;
			sourceTree = "<group>";
		};
		374061242A6D07EB00C53163 /* MapKitTestUITests */ = {
			isa = PBXGroup;
			children = (
				374061252A6D07EB00C53163 /* MapKitTestUITests.swift */,
				374061272A6D07EB00C53163 /* MapKitTestUITestsLaunchTests.swift */,
			);
			path = MapKitTestUITests;
			sourceTree = "<group>";
		};
/* End PBXGroup section */

/* Begin PBXNativeTarget section */
		374061002A6D07E700C53163 /* MapKitTest */ = {
			isa = PBXNativeTarget;
			buildConfigurationList = 3740612B2A6D07EB00C53163 /* Build configuration list for PBXNativeTarget "MapKitTest" */;
			buildPhases = (
				374060FD2A6D07E700C53163 /* Sources */,
				374060FE2A6D07E700C53163 /* Frameworks */,
				374060FF2A6D07E700C53163 /* Resources */,
			);
			buildRules = (
			);
			dependencies = (
			);
			name = MapKitTest;
			packageProductDependencies = (
				374061352A6D080C00C53163 /* SnapKit */,
			);
			productName = MapKitTest;
			productReference = 374061012A6D07E700C53163 /* MapKitTest.app */;
			productType = "com.apple.product-type.application";
		};
		374061162A6D07EB00C53163 /* MapKitTestTests */ = {
			isa = PBXNativeTarget;
			buildConfigurationList = 3740612E2A6D07EB00C53163 /* Build configuration list for PBXNativeTarget "MapKitTestTests" */;
			buildPhases = (
				374061132A6D07EB00C53163 /* Sources */,
				374061142A6D07EB00C53163 /* Frameworks */,
				374061152A6D07EB00C53163 /* Resources */,
			);
			buildRules = (
			);
			dependencies = (
				374061192A6D07EB00C53163 /* PBXTargetDependency */,
			);
			name = MapKitTestTests;
			productName = MapKitTestTests;
			productReference = 374061172A6D07EB00C53163 /* MapKitTestTests.xctest */;
			productType = "com.apple.product-type.bundle.unit-test";
		};
		374061202A6D07EB00C53163 /* MapKitTestUITests */ = {
			isa = PBXNativeTarget;
			buildConfigurationList = 374061312A6D07EB00C53163 /* Build configuration list for PBXNativeTarget "MapKitTestUITests" */;
			buildPhases = (
				3740611D2A6D07EB00C53163 /* Sources */,
				3740611E2A6D07EB00C53163 /* Frameworks */,
				3740611F2A6D07EB00C53163 /* Resources */,
			);
			buildRules = (
			);
			dependencies = (
				374061232A6D07EB00C53163 /* PBXTargetDependency */,
			);
			name = MapKitTestUITests;
			productName = MapKitTestUITests;
			productReference = 374061212A6D07EB00C53163 /* MapKitTestUITests.xctest */;
			productType = "com.apple.product-type.bundle.ui-testing";
		};
/* End PBXNativeTarget section */

/* Begin PBXProject section */
		374060F92A6D07E700C53163 /* Project object */ = {
			isa = PBXProject;
			attributes = {
				BuildIndependentTargetsInParallel = 1;
				LastSwiftUpdateCheck = 1430;
				LastUpgradeCheck = 1430;
				TargetAttributes = {
					374061002A6D07E700C53163 = {
						CreatedOnToolsVersion = 14.3.1;
					};
					374061162A6D07EB00C53163 = {
						CreatedOnToolsVersion = 14.3.1;
						TestTargetID = 374061002A6D07E700C53163;
					};
					374061202A6D07EB00C53163 = {
						CreatedOnToolsVersion = 14.3.1;
						TestTargetID = 374061002A6D07E700C53163;
					};
				};
			};
			buildConfigurationList = 374060FC2A6D07E700C53163 /* Build configuration list for PBXProject "MapKitTest" */;
			compatibilityVersion = "Xcode 14.0";
			developmentRegion = en;
			hasScannedForEncodings = 0;
			knownRegions = (
				en,
				Base,
			);
			mainGroup = 374060F82A6D07E700C53163;
			packageReferences = (
				374061342A6D080C00C53163 /* XCRemoteSwiftPackageReference "SnapKit" */,
			);
			productRefGroup = 374061022A6D07E700C53163 /* Products */;
			projectDirPath = "";
			projectRoot = "";
			targets = (
				374061002A6D07E700C53163 /* MapKitTest */,
				374061162A6D07EB00C53163 /* MapKitTestTests */,
				374061202A6D07EB00C53163 /* MapKitTestUITests */,
			);
		};
/* End PBXProject section */

/* Begin PBXResourcesBuildPhase section */
		374060FF2A6D07E700C53163 /* Resources */ = {
			isa = PBXResourcesBuildPhase;
			buildActionMask = 2147483647;
			files = (
				374061112A6D07EA00C53163 /* LaunchScreen.storyboard in Resources */,
				3740610E2A6D07EA00C53163 /* Assets.xcassets in Resources */,
			);
			runOnlyForDeploymentPostprocessing = 0;
		};
		374061152A6D07EB00C53163 /* Resources */ = {
			isa = PBXResourcesBuildPhase;
			buildActionMask = 2147483647;
			files = (
			);
			runOnlyForDeploymentPostprocessing = 0;
		};
		3740611F2A6D07EB00C53163 /* Resources */ = {
			isa = PBXResourcesBuildPhase;
			buildActionMask = 2147483647;
			files = (
			);
			runOnlyForDeploymentPostprocessing = 0;
		};
/* End PBXResourcesBuildPhase section */

/* Begin PBXSourcesBuildPhase section */
		374060FD2A6D07E700C53163 /* Sources */ = {
			isa = PBXSourcesBuildPhase;
			buildActionMask = 2147483647;
			files = (
				374061092A6D07E700C53163 /* ViewController.swift in Sources */,
				374061052A6D07E700C53163 /* AppDelegate.swift in Sources */,
				374061072A6D07E700C53163 /* SceneDelegate.swift in Sources */,
			);
			runOnlyForDeploymentPostprocessing = 0;
		};
		374061132A6D07EB00C53163 /* Sources */ = {
			isa = PBXSourcesBuildPhase;
			buildActionMask = 2147483647;
			files = (
				3740611C2A6D07EB00C53163 /* MapKitTestTests.swift in Sources */,
			);
			runOnlyForDeploymentPostprocessing = 0;
		};
		3740611D2A6D07EB00C53163 /* Sources */ = {
			isa = PBXSourcesBuildPhase;
			buildActionMask = 2147483647;
			files = (
				374061282A6D07EB00C53163 /* MapKitTestUITestsLaunchTests.swift in Sources */,
				374061262A6D07EB00C53163 /* MapKitTestUITests.swift in Sources */,
			);
			runOnlyForDeploymentPostprocessing = 0;
		};
/* End PBXSourcesBuildPhase section */

/* Begin PBXTargetDependency section */
		374061192A6D07EB00C53163 /* PBXTargetDependency */ = {
			isa = PBXTargetDependency;
			target = 374061002A6D07E700C53163 /* MapKitTest */;
			targetProxy = 374061182A6D07EB00C53163 /* PBXContainerItemProxy */;
		};
		374061232A6D07EB00C53163 /* PBXTargetDependency */ = {
			isa = PBXTargetDependency;
			target = 374061002A6D07E700C53163 /* MapKitTest */;
			targetProxy = 374061222A6D07EB00C53163 /* PBXContainerItemProxy */;
		};
/* End PBXTargetDependency section */

/* Begin PBXVariantGroup section */
		3740610F2A6D07EA00C53163 /* LaunchScreen.storyboard */ = {
			isa = PBXVariantGroup;
			children = (
				374061102A6D07EA00C53163 /* Base */,
			);
			name = LaunchScreen.storyboard;
			sourceTree = "<group>";
		};
/* End PBXVariantGroup section */

/* Begin XCBuildConfiguration section */
		374061292A6D07EB00C53163 /* Debug */ = {
			isa = XCBuildConfiguration;
			buildSettings = {
				ALWAYS_SEARCH_USER_PATHS = NO;
				CLANG_ANALYZER_NONNULL = YES;
				CLANG_ANALYZER_NUMBER_OBJECT_CONVERSION = YES_AGGRESSIVE;
				CLANG_CXX_LANGUAGE_STANDARD = "gnu++20";
				CLANG_ENABLE_MODULES = YES;
				CLANG_ENABLE_OBJC_ARC = YES;
				CLANG_ENABLE_OBJC_WEAK = YES;
				CLANG_WARN_BLOCK_CAPTURE_AUTORELEASING = YES;
				CLANG_WARN_BOOL_CONVERSION = YES;
				CLANG_WARN_COMMA = YES;
				CLANG_WARN_CONSTANT_CONVERSION = YES;
				CLANG_WARN_DEPRECATED_OBJC_IMPLEMENTATIONS = YES;
				CLANG_WARN_DIRECT_OBJC_ISA_USAGE = YES_ERROR;
				CLANG_WARN_DOCUMENTATION_COMMENTS = YES;
				CLANG_WARN_EMPTY_BODY = YES;
				CLANG_WARN_ENUM_CONVERSION = YES;
				CLANG_WARN_INFINITE_RECURSION = YES;
				CLANG_WARN_INT_CONVERSION = YES;
				CLANG_WARN_NON_LITERAL_NULL_CONVERSION = YES;
				CLANG_WARN_OBJC_IMPLICIT_RETAIN_SELF = YES;
				CLANG_WARN_OBJC_LITERAL_CONVERSION = YES;
				CLANG_WARN_OBJC_ROOT_CLASS = YES_ERROR;
				CLANG_WARN_QUOTED_INCLUDE_IN_FRAMEWORK_HEADER = YES;
				CLANG_WARN_RANGE_LOOP_ANALYSIS = YES;
				CLANG_WARN_STRICT_PROTOTYPES = YES;
				CLANG_WARN_SUSPICIOUS_MOVE = YES;
				CLANG_WARN_UNGUARDED_AVAILABILITY = YES_AGGRESSIVE;
				CLANG_WARN_UNREACHABLE_CODE = YES;
				CLANG_WARN__DUPLICATE_METHOD_MATCH = YES;
				COPY_PHASE_STRIP = NO;
				DEBUG_INFORMATION_FORMAT = dwarf;
				ENABLE_STRICT_OBJC_MSGSEND = YES;
				ENABLE_TESTABILITY = YES;
				GCC_C_LANGUAGE_STANDARD = gnu11;
				GCC_DYNAMIC_NO_PIC = NO;
				GCC_NO_COMMON_BLOCKS = YES;
				GCC_OPTIMIZATION_LEVEL = 0;
				GCC_PREPROCESSOR_DEFINITIONS = (
					"DEBUG=1",
					"$(inherited)",
				);
				GCC_WARN_64_TO_32_BIT_CONVERSION = YES;
				GCC_WARN_ABOUT_RETURN_TYPE = YES_ERROR;
				GCC_WARN_UNDECLARED_SELECTOR = YES;
				GCC_WARN_UNINITIALIZED_AUTOS = YES_AGGRESSIVE;
				GCC_WARN_UNUSED_FUNCTION = YES;
				GCC_WARN_UNUSED_VARIABLE = YES;
				IPHONEOS_DEPLOYMENT_TARGET = 15.0;
				MTL_ENABLE_DEBUG_INFO = INCLUDE_SOURCE;
				MTL_FAST_MATH = YES;
				ONLY_ACTIVE_ARCH = YES;
				SDKROOT = iphoneos;
				SWIFT_ACTIVE_COMPILATION_CONDITIONS = DEBUG;
				SWIFT_OPTIMIZATION_LEVEL = "-Onone";
			};
			name = Debug;
		};
		3740612A2A6D07EB00C53163 /* Release */ = {
			isa = XCBuildConfiguration;
			buildSettings = {
				ALWAYS_SEARCH_USER_PATHS = NO;
				CLANG_ANALYZER_NONNULL = YES;
				CLANG_ANALYZER_NUMBER_OBJECT_CONVERSION = YES_AGGRESSIVE;
				CLANG_CXX_LANGUAGE_STANDARD = "gnu++20";
				CLANG_ENABLE_MODULES = YES;
				CLANG_ENABLE_OBJC_ARC = YES;
				CLANG_ENABLE_OBJC_WEAK = YES;
				CLANG_WARN_BLOCK_CAPTURE_AUTORELEASING = YES;
				CLANG_WARN_BOOL_CONVERSION = YES;
				CLANG_WARN_COMMA = YES;
				CLANG_WARN_CONSTANT_CONVERSION = YES;
				CLANG_WARN_DEPRECATED_OBJC_IMPLEMENTATIONS = YES;
				CLANG_WARN_DIRECT_OBJC_ISA_USAGE = YES_ERROR;
				CLANG_WARN_DOCUMENTATION_COMMENTS = YES;
				CLANG_WARN_EMPTY_BODY = YES;
				CLANG_WARN_ENUM_CONVERSION = YES;
				CLANG_WARN_INFINITE_RECURSION = YES;
				CLANG_WARN_INT_CONVERSION = YES;
				CLANG_WARN_NON_LITERAL_NULL_CONVERSION = YES;
				CLANG_WARN_OBJC_IMPLICIT_RETAIN_SELF = YES;
				CLANG_WARN_OBJC_LITERAL_CONVERSION = YES;
				CLANG_WARN_OBJC_ROOT_CLASS = YES_ERROR;
				CLANG_WARN_QUOTED_INCLUDE_IN_FRAMEWORK_HEADER = YES;
				CLANG_WARN_RANGE_LOOP_ANALYSIS = YES;
				CLANG_WARN_STRICT_PROTOTYPES = YES;
				CLANG_WARN_SUSPICIOUS_MOVE = YES;
				CLANG_WARN_UNGUARDED_AVAILABILITY = YES_AGGRESSIVE;
				CLANG_WARN_UNREACHABLE_CODE = YES;
				CLANG_WARN__DUPLICATE_METHOD_MATCH = YES;
				COPY_PHASE_STRIP = NO;
				DEBUG_INFORMATION_FORMAT = "dwarf-with-dsym";
				ENABLE_NS_ASSERTIONS = NO;
				ENABLE_STRICT_OBJC_MSGSEND = YES;
				GCC_C_LANGUAGE_STANDARD = gnu11;
				GCC_NO_COMMON_BLOCKS = YES;
				GCC_WARN_64_TO_32_BIT_CONVERSION = YES;
				GCC_WARN_ABOUT_RETURN_TYPE = YES_ERROR;
				GCC_WARN_UNDECLARED_SELECTOR = YES;
				GCC_WARN_UNINITIALIZED_AUTOS = YES_AGGRESSIVE;
				GCC_WARN_UNUSED_FUNCTION = YES;
				GCC_WARN_UNUSED_VARIABLE = YES;
				IPHONEOS_DEPLOYMENT_TARGET = 15.0;
				MTL_ENABLE_DEBUG_INFO = NO;
				MTL_FAST_MATH = YES;
				SDKROOT = iphoneos;
				SWIFT_COMPILATION_MODE = wholemodule;
				SWIFT_OPTIMIZATION_LEVEL = "-O";
				VALIDATE_PRODUCT = YES;
			};
			name = Release;
		};
		3740612C2A6D07EB00C53163 /* Debug */ = {
			isa = XCBuildConfiguration;
			buildSettings = {
				ASSETCATALOG_COMPILER_APPICON_NAME = AppIcon;
				ASSETCATALOG_COMPILER_GLOBAL_ACCENT_COLOR_NAME = AccentColor;
				CODE_SIGN_STYLE = Automatic;
				CURRENT_PROJECT_VERSION = 1;
				DEVELOPMENT_TEAM = FQ9852Z3LX;
				GENERATE_INFOPLIST_FILE = YES;
				INFOPLIST_FILE = MapKitTest/Info.plist;
				INFOPLIST_KEY_MetalCaptureEnabled = NO;
				INFOPLIST_KEY_UIApplicationSupportsIndirectInputEvents = YES;
				INFOPLIST_KEY_UILaunchStoryboardName = LaunchScreen;
				INFOPLIST_KEY_UISupportedInterfaceOrientations_iPad = "UIInterfaceOrientationPortrait UIInterfaceOrientationPortraitUpsideDown UIInterfaceOrientationLandscapeLeft UIInterfaceOrientationLandscapeRight";
				INFOPLIST_KEY_UISupportedInterfaceOrientations_iPhone = "UIInterfaceOrientationPortrait UIInterfaceOrientationLandscapeLeft UIInterfaceOrientationLandscapeRight";
				LD_RUNPATH_SEARCH_PATHS = (
					"$(inherited)",
					"@executable_path/Frameworks",
				);
				MARKETING_VERSION = 1.0;
				PRODUCT_BUNDLE_IDENTIFIER = dami0806.MapKitTest;
				PRODUCT_NAME = "$(TARGET_NAME)";
				SWIFT_EMIT_LOC_STRINGS = YES;
				SWIFT_VERSION = 5.0;
				TARGETED_DEVICE_FAMILY = "1,2";
			};
			name = Debug;
		};
		3740612D2A6D07EB00C53163 /* Release */ = {
			isa = XCBuildConfiguration;
			buildSettings = {
				ASSETCATALOG_COMPILER_APPICON_NAME = AppIcon;
				ASSETCATALOG_COMPILER_GLOBAL_ACCENT_COLOR_NAME = AccentColor;
				CODE_SIGN_STYLE = Automatic;
				CURRENT_PROJECT_VERSION = 1;
				DEVELOPMENT_TEAM = FQ9852Z3LX;
				GENERATE_INFOPLIST_FILE = YES;
				INFOPLIST_FILE = MapKitTest/Info.plist;
				INFOPLIST_KEY_MetalCaptureEnabled = NO;
				INFOPLIST_KEY_UIApplicationSupportsIndirectInputEvents = YES;
				INFOPLIST_KEY_UILaunchStoryboardName = LaunchScreen;
				INFOPLIST_KEY_UISupportedInterfaceOrientations_iPad = "UIInterfaceOrientationPortrait UIInterfaceOrientationPortraitUpsideDown UIInterfaceOrientationLandscapeLeft UIInterfaceOrientationLandscapeRight";
				INFOPLIST_KEY_UISupportedInterfaceOrientations_iPhone = "UIInterfaceOrientationPortrait UIInterfaceOrientationLandscapeLeft UIInterfaceOrientationLandscapeRight";
				LD_RUNPATH_SEARCH_PATHS = (
					"$(inherited)",
					"@executable_path/Frameworks",
				);
				MARKETING_VERSION = 1.0;
				PRODUCT_BUNDLE_IDENTIFIER = dami0806.MapKitTest;
				PRODUCT_NAME = "$(TARGET_NAME)";
				SWIFT_EMIT_LOC_STRINGS = YES;
				SWIFT_VERSION = 5.0;
				TARGETED_DEVICE_FAMILY = "1,2";
			};
			name = Release;
		};
		3740612F2A6D07EB00C53163 /* Debug */ = {
			isa = XCBuildConfiguration;
			buildSettings = {
				ALWAYS_EMBED_SWIFT_STANDARD_LIBRARIES = YES;
				BUNDLE_LOADER = "$(TEST_HOST)";
				CODE_SIGN_STYLE = Automatic;
				CURRENT_PROJECT_VERSION = 1;
				DEVELOPMENT_TEAM = FQ9852Z3LX;
				GENERATE_INFOPLIST_FILE = YES;
				IPHONEOS_DEPLOYMENT_TARGET = 16.4;
				MARKETING_VERSION = 1.0;
				PRODUCT_BUNDLE_IDENTIFIER = dami0806.MapKitTestTests;
				PRODUCT_NAME = "$(TARGET_NAME)";
				SWIFT_EMIT_LOC_STRINGS = NO;
				SWIFT_VERSION = 5.0;
				TARGETED_DEVICE_FAMILY = "1,2";
				TEST_HOST = "$(BUILT_PRODUCTS_DIR)/MapKitTest.app/$(BUNDLE_EXECUTABLE_FOLDER_PATH)/MapKitTest";
			};
			name = Debug;
		};
		374061302A6D07EB00C53163 /* Release */ = {
			isa = XCBuildConfiguration;
			buildSettings = {
				ALWAYS_EMBED_SWIFT_STANDARD_LIBRARIES = YES;
				BUNDLE_LOADER = "$(TEST_HOST)";
				CODE_SIGN_STYLE = Automatic;
				CURRENT_PROJECT_VERSION = 1;
				DEVELOPMENT_TEAM = FQ9852Z3LX;
				GENERATE_INFOPLIST_FILE = YES;
				IPHONEOS_DEPLOYMENT_TARGET = 16.4;
				MARKETING_VERSION = 1.0;
				PRODUCT_BUNDLE_IDENTIFIER = dami0806.MapKitTestTests;
				PRODUCT_NAME = "$(TARGET_NAME)";
				SWIFT_EMIT_LOC_STRINGS = NO;
				SWIFT_VERSION = 5.0;
				TARGETED_DEVICE_FAMILY = "1,2";
				TEST_HOST = "$(BUILT_PRODUCTS_DIR)/MapKitTest.app/$(BUNDLE_EXECUTABLE_FOLDER_PATH)/MapKitTest";
			};
			name = Release;
		};
		374061322A6D07EB00C53163 /* Debug */ = {
			isa = XCBuildConfiguration;
			buildSettings = {
				ALWAYS_EMBED_SWIFT_STANDARD_LIBRARIES = YES;
				CODE_SIGN_STYLE = Automatic;
				CURRENT_PROJECT_VERSION = 1;
				DEVELOPMENT_TEAM = FQ9852Z3LX;
				GENERATE_INFOPLIST_FILE = YES;
				IPHONEOS_DEPLOYMENT_TARGET = 15.0;
				MARKETING_VERSION = 1.0;
				PRODUCT_BUNDLE_IDENTIFIER = dami0806.MapKitTestUITests;
				PRODUCT_NAME = "$(TARGET_NAME)";
				SWIFT_EMIT_LOC_STRINGS = NO;
				SWIFT_VERSION = 5.0;
				TARGETED_DEVICE_FAMILY = "1,2";
				TEST_TARGET_NAME = MapKitTest;
			};
			name = Debug;
		};
		374061332A6D07EB00C53163 /* Release */ = {
			isa = XCBuildConfiguration;
			buildSettings = {
				ALWAYS_EMBED_SWIFT_STANDARD_LIBRARIES = YES;
				CODE_SIGN_STYLE = Automatic;
				CURRENT_PROJECT_VERSION = 1;
				DEVELOPMENT_TEAM = FQ9852Z3LX;
				GENERATE_INFOPLIST_FILE = YES;
				IPHONEOS_DEPLOYMENT_TARGET = 15.0;
				MARKETING_VERSION = 1.0;
				PRODUCT_BUNDLE_IDENTIFIER = dami0806.MapKitTestUITests;
				PRODUCT_NAME = "$(TARGET_NAME)";
				SWIFT_EMIT_LOC_STRINGS = NO;
				SWIFT_VERSION = 5.0;
				TARGETED_DEVICE_FAMILY = "1,2";
				TEST_TARGET_NAME = MapKitTest;
			};
			name = Release;
		};
/* End XCBuildConfiguration section */

/* Begin XCConfigurationList section */
		374060FC2A6D07E700C53163 /* Build configuration list for PBXProject "MapKitTest" */ = {
			isa = XCConfigurationList;
			buildConfigurations = (
				374061292A6D07EB00C53163 /* Debug */,
				3740612A2A6D07EB00C53163 /* Release */,
			);
			defaultConfigurationIsVisible = 0;
			defaultConfigurationName = Release;
		};
		3740612B2A6D07EB00C53163 /* Build configuration list for PBXNativeTarget "MapKitTest" */ = {
			isa = XCConfigurationList;
			buildConfigurations = (
				3740612C2A6D07EB00C53163 /* Debug */,
				3740612D2A6D07EB00C53163 /* Release */,
			);
			defaultConfigurationIsVisible = 0;
			defaultConfigurationName = Release;
		};
		3740612E2A6D07EB00C53163 /* Build configuration list for PBXNativeTarget "MapKitTestTests" */ = {
			isa = XCConfigurationList;
			buildConfigurations = (
				3740612F2A6D07EB00C53163 /* Debug */,
				374061302A6D07EB00C53163 /* Release */,
			);
			defaultConfigurationIsVisible = 0;
			defaultConfigurationName = Release;
		};
		374061312A6D07EB00C53163 /* Build configuration list for PBXNativeTarget "MapKitTestUITests" */ = {
			isa = XCConfigurationList;
			buildConfigurations = (
				374061322A6D07EB00C53163 /* Debug */,
				374061332A6D07EB00C53163 /* Release */,
			);
			defaultConfigurationIsVisible = 0;
			defaultConfigurationName = Release;
		};
/* End XCConfigurationList section */

/* Begin XCRemoteSwiftPackageReference section */
		374061342A6D080C00C53163 /* XCRemoteSwiftPackageReference "SnapKit" */ = {
			isa = XCRemoteSwiftPackageReference;
			repositoryURL = "https://github.com/SnapKit/SnapKit.git";
			requirement = {
				kind = upToNextMajorVersion;
				minimumVersion = 5.0.0;
			};
		};
/* End XCRemoteSwiftPackageReference section */

/* Begin XCSwiftPackageProductDependency section */
		374061352A6D080C00C53163 /* SnapKit */ = {
			isa = XCSwiftPackageProductDependency;
			package = 374061342A6D080C00C53163 /* XCRemoteSwiftPackageReference "SnapKit" */;
			productName = SnapKit;
		};
/* End XCSwiftPackageProductDependency section */
	};
	rootObject = 374060F92A6D07E700C53163 /* Project object */;
}
